
Microsoft Visual Studio Solution File, Format Version 12.00
# Visual Studio Version 16
VisualStudioVersion = 16.0.30523.141
MinimumVisualStudioVersion = 10.0.40219.1
Project("{FAE04EC0-301F-11D3-BF4B-00C04F79EFBC}") = "Projekt-2_wzorce", "Projekt-2_wzorce\Projekt-2_wzorce.csproj", "{7A5BA6DB-05BD-444B-9021-1A1A2885745D}"
EndProject
Global
	GlobalSection(SolutionConfigurationPlatforms) = preSolution
		Debug|Any CPU = Debug|Any CPU
		Release|Any CPU = Release|Any CPU
	EndGlobalSection
	GlobalSection(ProjectConfigurationPlatforms) = postSolution
		{7A5BA6DB-05BD-444B-9021-1A1A2885745D}.Debug|Any CPU.ActiveCfg = Debug|Any CPU
		{7A5BA6DB-05BD-444B-9021-1A1A2885745D}.Debug|Any CPU.Build.0 = Debug|Any CPU
		{7A5BA6DB-05BD-444B-9021-1A1A2885745D}.Release|Any CPU.ActiveCfg = Release|Any CPU
		{7A5BA6DB-05BD-444B-9021-1A1A2885745D}.Release|Any CPU.Build.0 = Release|Any CPU
	EndGlobalSection
	GlobalSection(SolutionProperties) = preSolution
		HideSolutionNode = FALSE
	EndGlobalSection
	GlobalSection(ExtensibilityGlobals) = postSolution
		SolutionGuid = {1D0F041D-EDE2-4E62-A4FB-54D51CC5FA73}
	EndGlobalSection
EndGlobal
